
Microsoft Visual Studio Solution File, Format Version 10.00
# Visual Studio 2008
Project("{8BC9CEB8-8B4A-11D0-8D11-00A0C91BC942}") = "apr", "..\apr\apr.vcproj", "{ED44E7D5-BF8B-4E2B-B5E9-A951DF14093B}"
EndProject
Project("{8BC9CEB8-8B4A-11D0-8D11-00A0C91BC942}") = "apr_crypto_nss", "crypto\apr_crypto_nss.vcproj", "{89C41E8C-5771-47C2-B9EE-C0539AEC5371}"
	ProjectSection(ProjectDependencies) = postProject
		{1B4A98AA-2FCF-45B4-B08C-9973000EBEE2} = {1B4A98AA-2FCF-45B4-B08C-9973000EBEE2}
		{1D966434-365F-4BE4-94BB-BD8EE140CEB1} = {1D966434-365F-4BE4-94BB-BD8EE140CEB1}
	EndProjectSection
EndProject
Project("{8BC9CEB8-8B4A-11D0-8D11-00A0C91BC942}") = "apr_crypto_openssl", "crypto\apr_crypto_openssl.vcproj", "{C462D9DD-0628-4EC7-A781-2AA5AAFFE21F}"
	ProjectSection(ProjectDependencies) = postProject
		{1B4A98AA-2FCF-45B4-B08C-9973000EBEE2} = {1B4A98AA-2FCF-45B4-B08C-9973000EBEE2}
		{1D966434-365F-4BE4-94BB-BD8EE140CEB1} = {1D966434-365F-4BE4-94BB-BD8EE140CEB1}
	EndProjectSection
EndProject
Project("{8BC9CEB8-8B4A-11D0-8D11-00A0C91BC942}") = "apr_dbd_freetds", "dbd\apr_dbd_freetds.vcproj", "{0EEB1DC5-8F48-4D10-80B0-84F79817EF94}"
	ProjectSection(ProjectDependencies) = postProject
		{1B4A98AA-2FCF-45B4-B08C-9973000EBEE2} = {1B4A98AA-2FCF-45B4-B08C-9973000EBEE2}
		{1D966434-365F-4BE4-94BB-BD8EE140CEB1} = {1D966434-365F-4BE4-94BB-BD8EE140CEB1}
	EndProjectSection
EndProject
Project("{8BC9CEB8-8B4A-11D0-8D11-00A0C91BC942}") = "apr_dbd_mysql", "dbd\apr_dbd_mysql.vcproj", "{8B598214-6A72-43AE-92EB-62EE7CF41D13}"
	ProjectSection(ProjectDependencies) = postProject
		{1B4A98AA-2FCF-45B4-B08C-9973000EBEE2} = {1B4A98AA-2FCF-45B4-B08C-9973000EBEE2}
		{1D966434-365F-4BE4-94BB-BD8EE140CEB1} = {1D966434-365F-4BE4-94BB-BD8EE140CEB1}
	EndProjectSection
EndProject
Project("{8BC9CEB8-8B4A-11D0-8D11-00A0C91BC942}") = "apr_dbd_odbc", "dbd\apr_dbd_odbc.vcproj", "{E800EFF1-7E85-47AB-BF40-F518476565E6}"
	ProjectSection(ProjectDependencies) = postProject
		{1D966434-365F-4BE4-94BB-BD8EE140CEB1} = {1D966434-365F-4BE4-94BB-BD8EE140CEB1}
		{1B4A98AA-2FCF-45B4-B08C-9973000EBEE2} = {1B4A98AA-2FCF-45B4-B08C-9973000EBEE2}
	EndProjectSection
EndProject
Project("{8BC9CEB8-8B4A-11D0-8D11-00A0C91BC942}") = "apr_dbd_oracle", "dbd\apr_dbd_oracle.vcproj", "{09C171A2-B98A-4F4E-8561-F062A66F83B4}"
	ProjectSection(ProjectDependencies) = postProject
		{1B4A98AA-2FCF-45B4-B08C-9973000EBEE2} = {1B4A98AA-2FCF-45B4-B08C-9973000EBEE2}
		{1D966434-365F-4BE4-94BB-BD8EE140CEB1} = {1D966434-365F-4BE4-94BB-BD8EE140CEB1}
	EndProjectSection
EndProject
Project("{8BC9CEB8-8B4A-11D0-8D11-00A0C91BC942}") = "apr_dbd_pgsql", "dbd\apr_dbd_pgsql.vcproj", "{9F710BD5-0A7D-4638-B968-A50CBEA6B253}"
	ProjectSection(ProjectDependencies) = postProject
		{1B4A98AA-2FCF-45B4-B08C-9973000EBEE2} = {1B4A98AA-2FCF-45B4-B08C-9973000EBEE2}
		{1D966434-365F-4BE4-94BB-BD8EE140CEB1} = {1D966434-365F-4BE4-94BB-BD8EE140CEB1}
	EndProjectSection
EndProject
Project("{8BC9CEB8-8B4A-11D0-8D11-00A0C91BC942}") = "apr_dbd_sqlite2", "dbd\apr_dbd_sqlite2.vcproj", "{A3D04D75-4D09-4E66-BA5E-DAE80315E578}"
	ProjectSection(ProjectDependencies) = postProject
		{1B4A98AA-2FCF-45B4-B08C-9973000EBEE2} = {1B4A98AA-2FCF-45B4-B08C-9973000EBEE2}
		{1D966434-365F-4BE4-94BB-BD8EE140CEB1} = {1D966434-365F-4BE4-94BB-BD8EE140CEB1}
	EndProjectSection
EndProject
Project("{8BC9CEB8-8B4A-11D0-8D11-00A0C91BC942}") = "apr_dbd_sqlite3", "dbd\apr_dbd_sqlite3.vcproj", "{2AA9CDC6-2826-4EA1-92E5-C587843F52B1}"
	ProjectSection(ProjectDependencies) = postProject
		{1B4A98AA-2FCF-45B4-B08C-9973000EBEE2} = {1B4A98AA-2FCF-45B4-B08C-9973000EBEE2}
		{1D966434-365F-4BE4-94BB-BD8EE140CEB1} = {1D966434-365F-4BE4-94BB-BD8EE140CEB1}
	EndProjectSection
EndProject
Project("{8BC9CEB8-8B4A-11D0-8D11-00A0C91BC942}") = "apr_dbm_db", "dbm\apr_dbm_db.vcproj", "{09E41E10-797D-451A-962E-379EFE08CE64}"
	ProjectSection(ProjectDependencies) = postProject
		{1B4A98AA-2FCF-45B4-B08C-9973000EBEE2} = {1B4A98AA-2FCF-45B4-B08C-9973000EBEE2}
		{1D966434-365F-4BE4-94BB-BD8EE140CEB1} = {1D966434-365F-4BE4-94BB-BD8EE140CEB1}
	EndProjectSection
EndProject
Project("{8BC9CEB8-8B4A-11D0-8D11-00A0C91BC942}") = "apr_dbm_gdbm", "dbm\apr_dbm_gdbm.vcproj", "{3F924A92-CB09-48DD-9627-0EB48D5933C9}"
	ProjectSection(ProjectDependencies) = postProject
		{1B4A98AA-2FCF-45B4-B08C-9973000EBEE2} = {1B4A98AA-2FCF-45B4-B08C-9973000EBEE2}
		{1D966434-365F-4BE4-94BB-BD8EE140CEB1} = {1D966434-365F-4BE4-94BB-BD8EE140CEB1}
	EndProjectSection
EndProject
Project("{8BC9CEB8-8B4A-11D0-8D11-00A0C91BC942}") = "apr_ldap", "ldap\apr_ldap.vcproj", "{A3B69F36-69A1-4522-B972-C9DBAD6AAA01}"
	ProjectSection(ProjectDependencies) = postProject
		{1B4A98AA-2FCF-45B4-B08C-9973000EBEE2} = {1B4A98AA-2FCF-45B4-B08C-9973000EBEE2}
		{1D966434-365F-4BE4-94BB-BD8EE140CEB1} = {1D966434-365F-4BE4-94BB-BD8EE140CEB1}
	EndProjectSection
EndProject
Project("{8BC9CEB8-8B4A-11D0-8D11-00A0C91BC942}") = "aprapp", "..\apr\build\aprapp.vcproj", "{9D106A24-86F3-4240-85B8-17213BF6B4F5}"
	ProjectSection(ProjectDependencies) = postProject
		{5523BE48-CBD6-4AB0-B45C-8D3CDF1EAE39} = {5523BE48-CBD6-4AB0-B45C-8D3CDF1EAE39}
	EndProjectSection
EndProject
Project("{8BC9CEB8-8B4A-11D0-8D11-00A0C91BC942}") = "apriconv", "..\apr-iconv\apriconv.vcproj", "{893FCBD1-1BB3-4A98-A1FE-46376C08E559}"
	ProjectSection(ProjectDependencies) = postProject
		{2551E295-AD81-4360-AB15-1BE9ED6F0077} = {2551E295-AD81-4360-AB15-1BE9ED6F0077}
	EndProjectSection
EndProject
Project("{8BC9CEB8-8B4A-11D0-8D11-00A0C91BC942}") = "aprutil", "aprutil.vcproj", "{23D36DA6-E7E7-4E3C-87ED-A8E4DDC06EEE}"
	ProjectSection(ProjectDependencies) = postProject
		{8512F49A-C9E1-4991-9F78-B8F521495134} = {8512F49A-C9E1-4991-9F78-B8F521495134}
		{893FCBD1-1BB3-4A98-A1FE-46376C08E559} = {893FCBD1-1BB3-4A98-A1FE-46376C08E559}
		{55AD90C9-6FB8-48BE-80F5-1FE3688EAFCC} = {55AD90C9-6FB8-48BE-80F5-1FE3688EAFCC}
	EndProjectSection
EndProject
Project("{8BC9CEB8-8B4A-11D0-8D11-00A0C91BC942}") = "libapr", "..\apr\libapr.vcproj", "{1B4A98AA-2FCF-45B4-B08C-9973000EBEE2}"
EndProject
Project("{8BC9CEB8-8B4A-11D0-8D11-00A0C91BC942}") = "libaprapp", "..\apr\build\libaprapp.vcproj", "{0AB1C53A-7A4F-4B5D-9B94-C0746434D6F6}"
	ProjectSection(ProjectDependencies) = postProject
		{2B855DCB-50C1-4A11-BF84-D6D170C4A6F0} = {2B855DCB-50C1-4A11-BF84-D6D170C4A6F0}
	EndProjectSection
EndProject
Project("{8BC9CEB8-8B4A-11D0-8D11-00A0C91BC942}") = "libapriconv", "..\apr-iconv\libapriconv.vcproj", "{3D45F1CC-9701-4230-81CE-4DA1DB4DDEB5}"
	ProjectSection(ProjectDependencies) = postProject
		{1B4A98AA-2FCF-45B4-B08C-9973000EBEE2} = {1B4A98AA-2FCF-45B4-B08C-9973000EBEE2}
	EndProjectSection
EndProject
Project("{8BC9CEB8-8B4A-11D0-8D11-00A0C91BC942}") = "libapriconv_ccs_modules", "..\apr-iconv\ccs\libapriconv_ccs_modules.vcproj", "{0D4EA2E5-3BED-418D-AC71-37DD365C2768}"
	ProjectSection(ProjectDependencies) = postProject
		{1B4A98AA-2FCF-45B4-B08C-9973000EBEE2} = {1B4A98AA-2FCF-45B4-B08C-9973000EBEE2}
		{3D45F1CC-9701-4230-81CE-4DA1DB4DDEB5} = {3D45F1CC-9701-4230-81CE-4DA1DB4DDEB5}
	EndProjectSection
EndProject
Project("{8BC9CEB8-8B4A-11D0-8D11-00A0C91BC942}") = "libapriconv_ces_modules", "..\apr-iconv\ces\libapriconv_ces_modules.vcproj", "{68E8340D-0D14-4D95-A614-E1E85272C571}"
	ProjectSection(ProjectDependencies) = postProject
		{1B4A98AA-2FCF-45B4-B08C-9973000EBEE2} = {1B4A98AA-2FCF-45B4-B08C-9973000EBEE2}
		{3D45F1CC-9701-4230-81CE-4DA1DB4DDEB5} = {3D45F1CC-9701-4230-81CE-4DA1DB4DDEB5}
	EndProjectSection
EndProject
Project("{8BC9CEB8-8B4A-11D0-8D11-00A0C91BC942}") = "libaprutil", "libaprutil.vcproj", "{1D966434-365F-4BE4-94BB-BD8EE140CEB1}"
	ProjectSection(ProjectDependencies) = postProject
		{1B4A98AA-2FCF-45B4-B08C-9973000EBEE2} = {1B4A98AA-2FCF-45B4-B08C-9973000EBEE2}
		{0AB1C53A-7A4F-4B5D-9B94-C0746434D6F6} = {0AB1C53A-7A4F-4B5D-9B94-C0746434D6F6}
		{3D45F1CC-9701-4230-81CE-4DA1DB4DDEB5} = {3D45F1CC-9701-4230-81CE-4DA1DB4DDEB5}
		{0D4EA2E5-3BED-418D-AC71-37DD365C2768} = {0D4EA2E5-3BED-418D-AC71-37DD365C2768}
		{68E8340D-0D14-4D95-A614-E1E85272C571} = {68E8340D-0D14-4D95-A614-E1E85272C571}
		{55AD90C9-6FB8-48BE-80F5-1FE3688EAFCC} = {55AD90C9-6FB8-48BE-80F5-1FE3688EAFCC}
	EndProjectSection
EndProject
Project("{8BC9CEB8-8B4A-11D0-8D11-00A0C91BC942}") = "preaprapp", "..\apr\build\preaprapp.vcproj", "{5523BE48-CBD6-4AB0-B45C-8D3CDF1EAE39}"
	ProjectSection(ProjectDependencies) = postProject
		{ED44E7D5-BF8B-4E2B-B5E9-A951DF14093B} = {ED44E7D5-BF8B-4E2B-B5E9-A951DF14093B}
	EndProjectSection
EndProject
Project("{8BC9CEB8-8B4A-11D0-8D11-00A0C91BC942}") = "preapriconv", "..\apr-iconv\build\preapriconv.vcproj", "{2551E295-AD81-4360-AB15-1BE9ED6F0077}"
	ProjectSection(ProjectDependencies) = postProject
		{ED44E7D5-BF8B-4E2B-B5E9-A951DF14093B} = {ED44E7D5-BF8B-4E2B-B5E9-A951DF14093B}
	EndProjectSection
EndProject
Project("{8BC9CEB8-8B4A-11D0-8D11-00A0C91BC942}") = "preaprutil", "build\preaprutil.vcproj", "{8512F49A-C9E1-4991-9F78-B8F521495134}"
	ProjectSection(ProjectDependencies) = postProject
		{ED44E7D5-BF8B-4E2B-B5E9-A951DF14093B} = {ED44E7D5-BF8B-4E2B-B5E9-A951DF14093B}
		{9D106A24-86F3-4240-85B8-17213BF6B4F5} = {9D106A24-86F3-4240-85B8-17213BF6B4F5}
	EndProjectSection
EndProject
Project("{8BC9CEB8-8B4A-11D0-8D11-00A0C91BC942}") = "prelibaprapp", "..\apr\build\prelibaprapp.vcproj", "{2B855DCB-50C1-4A11-BF84-D6D170C4A6F0}"
	ProjectSection(ProjectDependencies) = postProject
		{1B4A98AA-2FCF-45B4-B08C-9973000EBEE2} = {1B4A98AA-2FCF-45B4-B08C-9973000EBEE2}
	EndProjectSection
EndProject
Project("{8BC9CEB8-8B4A-11D0-8D11-00A0C91BC942}") = "xml", "xml\expat\lib\xml.vcproj", "{55AD90C9-6FB8-48BE-80F5-1FE3688EAFCC}"
EndProject
Global
	GlobalSection(SolutionConfigurationPlatforms) = preSolution
		Debug|Win32 = Debug|Win32
		Debug|x64 = Debug|x64
		Debug9x|Win32 = Debug9x|Win32
		Debug9x|x64 = Debug9x|x64
		DebugNT|Win32 = DebugNT|Win32
		DebugNT|x64 = DebugNT|x64
		Release|Win32 = Release|Win32
		Release|x64 = Release|x64
		Release9x|Win32 = Release9x|Win32
		Release9x|x64 = Release9x|x64
		ReleaseNT|Win32 = ReleaseNT|Win32
		ReleaseNT|x64 = ReleaseNT|x64
	EndGlobalSection
	GlobalSection(ProjectConfigurationPlatforms) = postSolution
		{ED44E7D5-BF8B-4E2B-B5E9-A951DF14093B}.Debug|Win32.ActiveCfg = Debug|Win32
		{ED44E7D5-BF8B-4E2B-B5E9-A951DF14093B}.Debug|Win32.Build.0 = Debug|Win32
		{ED44E7D5-BF8B-4E2B-B5E9-A951DF14093B}.Debug|x64.ActiveCfg = Debug|x64
		{ED44E7D5-BF8B-4E2B-B5E9-A951DF14093B}.Debug|x64.Build.0 = Debug|x64
		{ED44E7D5-BF8B-4E2B-B5E9-A951DF14093B}.Debug9x|Win32.ActiveCfg = Debug9x|Win32
		{ED44E7D5-BF8B-4E2B-B5E9-A951DF14093B}.Debug9x|Win32.Build.0 = Debug9x|Win32
		{ED44E7D5-BF8B-4E2B-B5E9-A951DF14093B}.Debug9x|x64.ActiveCfg = Debug9x|x64
		{ED44E7D5-BF8B-4E2B-B5E9-A951DF14093B}.Debug9x|x64.Build.0 = Debug9x|x64
		{ED44E7D5-BF8B-4E2B-B5E9-A951DF14093B}.DebugNT|Win32.ActiveCfg = Debug|x64
		{ED44E7D5-BF8B-4E2B-B5E9-A951DF14093B}.DebugNT|x64.ActiveCfg = Debug|x64
		{ED44E7D5-BF8B-4E2B-B5E9-A951DF14093B}.DebugNT|x64.Build.0 = Debug|x64
		{ED44E7D5-BF8B-4E2B-B5E9-A951DF14093B}.Release|Win32.ActiveCfg = Release|Win32
		{ED44E7D5-BF8B-4E2B-B5E9-A951DF14093B}.Release|Win32.Build.0 = Release|Win32
		{ED44E7D5-BF8B-4E2B-B5E9-A951DF14093B}.Release|x64.ActiveCfg = Release|x64
		{ED44E7D5-BF8B-4E2B-B5E9-A951DF14093B}.Release|x64.Build.0 = Release|x64
		{ED44E7D5-BF8B-4E2B-B5E9-A951DF14093B}.Release9x|Win32.ActiveCfg = Release9x|Win32
		{ED44E7D5-BF8B-4E2B-B5E9-A951DF14093B}.Release9x|Win32.Build.0 = Release9x|Win32
		{ED44E7D5-BF8B-4E2B-B5E9-A951DF14093B}.Release9x|x64.ActiveCfg = Release9x|x64
		{ED44E7D5-BF8B-4E2B-B5E9-A951DF14093B}.Release9x|x64.Build.0 = Release9x|x64
		{ED44E7D5-BF8B-4E2B-B5E9-A951DF14093B}.ReleaseNT|Win32.ActiveCfg = Release9x|x64
		{ED44E7D5-BF8B-4E2B-B5E9-A951DF14093B}.ReleaseNT|x64.ActiveCfg = Release9x|x64
		{ED44E7D5-BF8B-4E2B-B5E9-A951DF14093B}.ReleaseNT|x64.Build.0 = Release9x|x64
		{89C41E8C-5771-47C2-B9EE-C0539AEC5371}.Debug|Win32.ActiveCfg = Debug|Win32
		{89C41E8C-5771-47C2-B9EE-C0539AEC5371}.Debug|Win32.Build.0 = Debug|Win32
		{89C41E8C-5771-47C2-B9EE-C0539AEC5371}.Debug|x64.ActiveCfg = Debug|x64
		{89C41E8C-5771-47C2-B9EE-C0539AEC5371}.Debug|x64.Build.0 = Debug|x64
		{89C41E8C-5771-47C2-B9EE-C0539AEC5371}.Debug9x|Win32.ActiveCfg = Debug|Win32
		{89C41E8C-5771-47C2-B9EE-C0539AEC5371}.Debug9x|Win32.Build.0 = Debug|Win32
		{89C41E8C-5771-47C2-B9EE-C0539AEC5371}.Debug9x|x64.ActiveCfg = Debug|Win32
		{89C41E8C-5771-47C2-B9EE-C0539AEC5371}.DebugNT|Win32.ActiveCfg = Debug|Win32
		{89C41E8C-5771-47C2-B9EE-C0539AEC5371}.DebugNT|Win32.Build.0 = Debug|Win32
		{89C41E8C-5771-47C2-B9EE-C0539AEC5371}.DebugNT|x64.ActiveCfg = Debug|Win32
		{89C41E8C-5771-47C2-B9EE-C0539AEC5371}.Release|Win32.ActiveCfg = Release|Win32
		{89C41E8C-5771-47C2-B9EE-C0539AEC5371}.Release|Win32.Build.0 = Release|Win32
		{89C41E8C-5771-47C2-B9EE-C0539AEC5371}.Release|x64.ActiveCfg = Release|x64
		{89C41E8C-5771-47C2-B9EE-C0539AEC5371}.Release|x64.Build.0 = Release|x64
		{89C41E8C-5771-47C2-B9EE-C0539AEC5371}.Release9x|Win32.ActiveCfg = Release|Win32
		{89C41E8C-5771-47C2-B9EE-C0539AEC5371}.Release9x|Win32.Build.0 = Release|Win32
		{89C41E8C-5771-47C2-B9EE-C0539AEC5371}.Release9x|x64.ActiveCfg = Release|Win32
		{89C41E8C-5771-47C2-B9EE-C0539AEC5371}.ReleaseNT|Win32.ActiveCfg = Release|Win32
		{89C41E8C-5771-47C2-B9EE-C0539AEC5371}.ReleaseNT|Win32.Build.0 = Release|Win32
		{89C41E8C-5771-47C2-B9EE-C0539AEC5371}.ReleaseNT|x64.ActiveCfg = Release|Win32
		{C462D9DD-0628-4EC7-A781-2AA5AAFFE21F}.Debug|Win32.ActiveCfg = Debug|Win32
		{C462D9DD-0628-4EC7-A781-2AA5AAFFE21F}.Debug|Win32.Build.0 = Debug|Win32
		{C462D9DD-0628-4EC7-A781-2AA5AAFFE21F}.Debug|x64.ActiveCfg = Debug|x64
		{C462D9DD-0628-4EC7-A781-2AA5AAFFE21F}.Debug|x64.Build.0 = Debug|x64
		{C462D9DD-0628-4EC7-A781-2AA5AAFFE21F}.Debug9x|Win32.ActiveCfg = Debug|x64
		{C462D9DD-0628-4EC7-A781-2AA5AAFFE21F}.Debug9x|x64.ActiveCfg = Debug|x64
		{C462D9DD-0628-4EC7-A781-2AA5AAFFE21F}.Debug9x|x64.Build.0 = Debug|x64
		{C462D9DD-0628-4EC7-A781-2AA5AAFFE21F}.DebugNT|Win32.ActiveCfg = Debug|x64
		{C462D9DD-0628-4EC7-A781-2AA5AAFFE21F}.DebugNT|x64.ActiveCfg = Debug|x64
		{C462D9DD-0628-4EC7-A781-2AA5AAFFE21F}.DebugNT|x64.Build.0 = Debug|x64
		{C462D9DD-0628-4EC7-A781-2AA5AAFFE21F}.Release|Win32.ActiveCfg = Release|Win32
		{C462D9DD-0628-4EC7-A781-2AA5AAFFE21F}.Release|Win32.Build.0 = Release|Win32
		{C462D9DD-0628-4EC7-A781-2AA5AAFFE21F}.Release|x64.ActiveCfg = Release|x64
		{C462D9DD-0628-4EC7-A781-2AA5AAFFE21F}.Release|x64.Build.0 = Release|x64
		{C462D9DD-0628-4EC7-A781-2AA5AAFFE21F}.Release9x|Win32.ActiveCfg = Release|x64
		{C462D9DD-0628-4EC7-A781-2AA5AAFFE21F}.Release9x|x64.ActiveCfg = Release|x64
		{C462D9DD-0628-4EC7-A781-2AA5AAFFE21F}.Release9x|x64.Build.0 = Release|x64
		{C462D9DD-0628-4EC7-A781-2AA5AAFFE21F}.ReleaseNT|Win32.ActiveCfg = Release|x64
		{C462D9DD-0628-4EC7-A781-2AA5AAFFE21F}.ReleaseNT|x64.ActiveCfg = Release|x64
		{C462D9DD-0628-4EC7-A781-2AA5AAFFE21F}.ReleaseNT|x64.Build.0 = Release|x64
		{0EEB1DC5-8F48-4D10-80B0-84F79817EF94}.Debug|Win32.ActiveCfg = Debug|Win32
		{0EEB1DC5-8F48-4D10-80B0-84F79817EF94}.Debug|Win32.Build.0 = Debug|Win32
		{0EEB1DC5-8F48-4D10-80B0-84F79817EF94}.Debug|x64.ActiveCfg = Debug|x64
		{0EEB1DC5-8F48-4D10-80B0-84F79817EF94}.Debug|x64.Build.0 = Debug|x64
		{0EEB1DC5-8F48-4D10-80B0-84F79817EF94}.Debug9x|Win32.ActiveCfg = Debug|Win32
		{0EEB1DC5-8F48-4D10-80B0-84F79817EF94}.Debug9x|Win32.Build.0 = Debug|Win32
		{0EEB1DC5-8F48-4D10-80B0-84F79817EF94}.Debug9x|x64.ActiveCfg = Debug|Win32
		{0EEB1DC5-8F48-4D10-80B0-84F79817EF94}.DebugNT|Win32.ActiveCfg = Debug|Win32
		{0EEB1DC5-8F48-4D10-80B0-84F79817EF94}.DebugNT|Win32.Build.0 = Debug|Win32
		{0EEB1DC5-8F48-4D10-80B0-84F79817EF94}.DebugNT|x64.ActiveCfg = Debug|Win32
		{0EEB1DC5-8F48-4D10-80B0-84F79817EF94}.Release|Win32.ActiveCfg = Release|Win32
		{0EEB1DC5-8F48-4D10-80B0-84F79817EF94}.Release|Win32.Build.0 = Release|Win32
		{0EEB1DC5-8F48-4D10-80B0-84F79817EF94}.Release|x64.ActiveCfg = Release|x64
		{0EEB1DC5-8F48-4D10-80B0-84F79817EF94}.Release|x64.Build.0 = Release|x64
		{0EEB1DC5-8F48-4D10-80B0-84F79817EF94}.Release9x|Win32.ActiveCfg = Release|Win32
		{0EEB1DC5-8F48-4D10-80B0-84F79817EF94}.Release9x|Win32.Build.0 = Release|Win32
		{0EEB1DC5-8F48-4D10-80B0-84F79817EF94}.Release9x|x64.ActiveCfg = Release|Win32
		{0EEB1DC5-8F48-4D10-80B0-84F79817EF94}.ReleaseNT|Win32.ActiveCfg = Release|Win32
		{0EEB1DC5-8F48-4D10-80B0-84F79817EF94}.ReleaseNT|Win32.Build.0 = Release|Win32
		{0EEB1DC5-8F48-4D10-80B0-84F79817EF94}.ReleaseNT|x64.ActiveCfg = Release|Win32
		{8B598214-6A72-43AE-92EB-62EE7CF41D13}.Debug|Win32.ActiveCfg = Debug|Win32
		{8B598214-6A72-43AE-92EB-62EE7CF41D13}.Debug|Win32.Build.0 = Debug|Win32
		{8B598214-6A72-43AE-92EB-62EE7CF41D13}.Debug|x64.ActiveCfg = Debug|x64
		{8B598214-6A72-43AE-92EB-62EE7CF41D13}.Debug|x64.Build.0 = Debug|x64
		{8B598214-6A72-43AE-92EB-62EE7CF41D13}.Debug9x|Win32.ActiveCfg = Debug|Win32
		{8B598214-6A72-43AE-92EB-62EE7CF41D13}.Debug9x|Win32.Build.0 = Debug|Win32
		{8B598214-6A72-43AE-92EB-62EE7CF41D13}.Debug9x|x64.ActiveCfg = Debug|Win32
		{8B598214-6A72-43AE-92EB-62EE7CF41D13}.DebugNT|Win32.ActiveCfg = Debug|Win32
		{8B598214-6A72-43AE-92EB-62EE7CF41D13}.DebugNT|Win32.Build.0 = Debug|Win32
		{8B598214-6A72-43AE-92EB-62EE7CF41D13}.DebugNT|x64.ActiveCfg = Debug|Win32
		{8B598214-6A72-43AE-92EB-62EE7CF41D13}.Release|Win32.ActiveCfg = Release|Win32
		{8B598214-6A72-43AE-92EB-62EE7CF41D13}.Release|Win32.Build.0 = Release|Win32
		{8B598214-6A72-43AE-92EB-62EE7CF41D13}.Release|x64.ActiveCfg = Release|x64
		{8B598214-6A72-43AE-92EB-62EE7CF41D13}.Release|x64.Build.0 = Release|x64
		{8B598214-6A72-43AE-92EB-62EE7CF41D13}.Release9x|Win32.ActiveCfg = Release|Win32
		{8B598214-6A72-43AE-92EB-62EE7CF41D13}.Release9x|Win32.Build.0 = Release|Win32
		{8B598214-6A72-43AE-92EB-62EE7CF41D13}.Release9x|x64.ActiveCfg = Release|Win32
		{8B598214-6A72-43AE-92EB-62EE7CF41D13}.ReleaseNT|Win32.ActiveCfg = Release|Win32
		{8B598214-6A72-43AE-92EB-62EE7CF41D13}.ReleaseNT|Win32.Build.0 = Release|Win32
		{8B598214-6A72-43AE-92EB-62EE7CF41D13}.ReleaseNT|x64.ActiveCfg = Release|Win32
		{E800EFF1-7E85-47AB-BF40-F518476565E6}.Debug|Win32.ActiveCfg = Debug|Win32
		{E800EFF1-7E85-47AB-BF40-F518476565E6}.Debug|Win32.Build.0 = Debug|Win32
		{E800EFF1-7E85-47AB-BF40-F518476565E6}.Debug|x64.ActiveCfg = Debug|x64
		{E800EFF1-7E85-47AB-BF40-F518476565E6}.Debug|x64.Build.0 = Debug|x64
		{E800EFF1-7E85-47AB-BF40-F518476565E6}.Debug9x|Win32.ActiveCfg = Debug|x64
		{E800EFF1-7E85-47AB-BF40-F518476565E6}.Debug9x|x64.ActiveCfg = Debug|x64
		{E800EFF1-7E85-47AB-BF40-F518476565E6}.Debug9x|x64.Build.0 = Debug|x64
		{E800EFF1-7E85-47AB-BF40-F518476565E6}.DebugNT|Win32.ActiveCfg = Debug|x64
		{E800EFF1-7E85-47AB-BF40-F518476565E6}.DebugNT|x64.ActiveCfg = Debug|x64
		{E800EFF1-7E85-47AB-BF40-F518476565E6}.DebugNT|x64.Build.0 = Debug|x64
		{E800EFF1-7E85-47AB-BF40-F518476565E6}.Release|Win32.ActiveCfg = Release|Win32
		{E800EFF1-7E85-47AB-BF40-F518476565E6}.Release|Win32.Build.0 = Release|Win32
		{E800EFF1-7E85-47AB-BF40-F518476565E6}.Release|x64.ActiveCfg = Release|x64
		{E800EFF1-7E85-47AB-BF40-F518476565E6}.Release|x64.Build.0 = Release|x64
		{E800EFF1-7E85-47AB-BF40-F518476565E6}.Release9x|Win32.ActiveCfg = Release|x64
		{E800EFF1-7E85-47AB-BF40-F518476565E6}.Release9x|x64.ActiveCfg = Release|x64
		{E800EFF1-7E85-47AB-BF40-F518476565E6}.Release9x|x64.Build.0 = Release|x64
		{E800EFF1-7E85-47AB-BF40-F518476565E6}.ReleaseNT|Win32.ActiveCfg = Release|x64
		{E800EFF1-7E85-47AB-BF40-F518476565E6}.ReleaseNT|x64.ActiveCfg = Release|x64
		{E800EFF1-7E85-47AB-BF40-F518476565E6}.ReleaseNT|x64.Build.0 = Release|x64
		{09C171A2-B98A-4F4E-8561-F062A66F83B4}.Debug|Win32.ActiveCfg = Debug|Win32
		{09C171A2-B98A-4F4E-8561-F062A66F83B4}.Debug|Win32.Build.0 = Debug|Win32
		{09C171A2-B98A-4F4E-8561-F062A66F83B4}.Debug|x64.ActiveCfg = Debug|x64
		{09C171A2-B98A-4F4E-8561-F062A66F83B4}.Debug|x64.Build.0 = Debug|x64
		{09C171A2-B98A-4F4E-8561-F062A66F83B4}.Debug9x|Win32.ActiveCfg = Debug|Win32
		{09C171A2-B98A-4F4E-8561-F062A66F83B4}.Debug9x|Win32.Build.0 = Debug|Win32
		{09C171A2-B98A-4F4E-8561-F062A66F83B4}.Debug9x|x64.ActiveCfg = Debug|Win32
		{09C171A2-B98A-4F4E-8561-F062A66F83B4}.DebugNT|Win32.ActiveCfg = Debug|Win32
		{09C171A2-B98A-4F4E-8561-F062A66F83B4}.DebugNT|Win32.Build.0 = Debug|Win32
		{09C171A2-B98A-4F4E-8561-F062A66F83B4}.DebugNT|x64.ActiveCfg = Debug|Win32
		{09C171A2-B98A-4F4E-8561-F062A66F83B4}.Release|Win32.ActiveCfg = Release|Win32
		{09C171A2-B98A-4F4E-8561-F062A66F83B4}.Release|Win32.Build.0 = Release|Win32
		{09C171A2-B98A-4F4E-8561-F062A66F83B4}.Release|x64.ActiveCfg = Release|x64
		{09C171A2-B98A-4F4E-8561-F062A66F83B4}.Release|x64.Build.0 = Release|x64
		{09C171A2-B98A-4F4E-8561-F062A66F83B4}.Release9x|Win32.ActiveCfg = Release|Win32
		{09C171A2-B98A-4F4E-8561-F062A66F83B4}.Release9x|Win32.Build.0 = Release|Win32
		{09C171A2-B98A-4F4E-8561-F062A66F83B4}.Release9x|x64.ActiveCfg = Release|Win32
		{09C171A2-B98A-4F4E-8561-F062A66F83B4}.ReleaseNT|Win32.ActiveCfg = Release|Win32
		{09C171A2-B98A-4F4E-8561-F062A66F83B4}.ReleaseNT|Win32.Build.0 = Release|Win32
		{09C171A2-B98A-4F4E-8561-F062A66F83B4}.ReleaseNT|x64.ActiveCfg = Release|Win32
		{9F710BD5-0A7D-4638-B968-A50CBEA6B253}.Debug|Win32.ActiveCfg = Debug|Win32
		{9F710BD5-0A7D-4638-B968-A50CBEA6B253}.Debug|Win32.Build.0 = Debug|Win32
		{9F710BD5-0A7D-4638-B968-A50CBEA6B253}.Debug|x64.ActiveCfg = Debug|x64
		{9F710BD5-0A7D-4638-B968-A50CBEA6B253}.Debug|x64.Build.0 = Debug|x64
		{9F710BD5-0A7D-4638-B968-A50CBEA6B253}.Debug9x|Win32.ActiveCfg = Debug|x64
		{9F710BD5-0A7D-4638-B968-A50CBEA6B253}.Debug9x|x64.ActiveCfg = Debug|x64
		{9F710BD5-0A7D-4638-B968-A50CBEA6B253}.Debug9x|x64.Build.0 = Debug|x64
		{9F710BD5-0A7D-4638-B968-A50CBEA6B253}.DebugNT|Win32.ActiveCfg = Debug|x64
		{9F710BD5-0A7D-4638-B968-A50CBEA6B253}.DebugNT|x64.ActiveCfg = Debug|x64
		{9F710BD5-0A7D-4638-B968-A50CBEA6B253}.DebugNT|x64.Build.0 = Debug|x64
		{9F710BD5-0A7D-4638-B968-A50CBEA6B253}.Release|Win32.ActiveCfg = Release|Win32
		{9F710BD5-0A7D-4638-B968-A50CBEA6B253}.Release|Win32.Build.0 = Release|Win32
		{9F710BD5-0A7D-4638-B968-A50CBEA6B253}.Release|x64.ActiveCfg = Release|x64
		{9F710BD5-0A7D-4638-B968-A50CBEA6B253}.Release|x64.Build.0 = Release|x64
		{9F710BD5-0A7D-4638-B968-A50CBEA6B253}.Release9x|Win32.ActiveCfg = Release|x64
		{9F710BD5-0A7D-4638-B968-A50CBEA6B253}.Release9x|x64.ActiveCfg = Release|x64
		{9F710BD5-0A7D-4638-B968-A50CBEA6B253}.Release9x|x64.Build.0 = Release|x64
		{9F710BD5-0A7D-4638-B968-A50CBEA6B253}.ReleaseNT|Win32.ActiveCfg = Release|x64
		{9F710BD5-0A7D-4638-B968-A50CBEA6B253}.ReleaseNT|x64.ActiveCfg = Release|x64
		{9F710BD5-0A7D-4638-B968-A50CBEA6B253}.ReleaseNT|x64.Build.0 = Release|x64
		{A3D04D75-4D09-4E66-BA5E-DAE80315E578}.Debug|Win32.ActiveCfg = Debug|Win32
		{A3D04D75-4D09-4E66-BA5E-DAE80315E578}.Debug|Win32.Build.0 = Debug|Win32
		{A3D04D75-4D09-4E66-BA5E-DAE80315E578}.Debug|x64.ActiveCfg = Debug|x64
		{A3D04D75-4D09-4E66-BA5E-DAE80315E578}.Debug|x64.Build.0 = Debug|x64
		{A3D04D75-4D09-4E66-BA5E-DAE80315E578}.Debug9x|Win32.ActiveCfg = Debug|Win32
		{A3D04D75-4D09-4E66-BA5E-DAE80315E578}.Debug9x|Win32.Build.0 = Debug|Win32
		{A3D04D75-4D09-4E66-BA5E-DAE80315E578}.Debug9x|x64.ActiveCfg = Debug|Win32
		{A3D04D75-4D09-4E66-BA5E-DAE80315E578}.DebugNT|Win32.ActiveCfg = Debug|Win32
		{A3D04D75-4D09-4E66-BA5E-DAE80315E578}.DebugNT|Win32.Build.0 = Debug|Win32
		{A3D04D75-4D09-4E66-BA5E-DAE80315E578}.DebugNT|x64.ActiveCfg = Debug|Win32
		{A3D04D75-4D09-4E66-BA5E-DAE80315E578}.Release|Win32.ActiveCfg = Release|Win32
		{A3D04D75-4D09-4E66-BA5E-DAE80315E578}.Release|Win32.Build.0 = Release|Win32
		{A3D04D75-4D09-4E66-BA5E-DAE80315E578}.Release|x64.ActiveCfg = Release|x64
		{A3D04D75-4D09-4E66-BA5E-DAE80315E578}.Release|x64.Build.0 = Release|x64
		{A3D04D75-4D09-4E66-BA5E-DAE80315E578}.Release9x|Win32.ActiveCfg = Release|Win32
		{A3D04D75-4D09-4E66-BA5E-DAE80315E578}.Release9x|Win32.Build.0 = Release|Win32
		{A3D04D75-4D09-4E66-BA5E-DAE80315E578}.Release9x|x64.ActiveCfg = Release|Win32
		{A3D04D75-4D09-4E66-BA5E-DAE80315E578}.ReleaseNT|Win32.ActiveCfg = Release|Win32
		{A3D04D75-4D09-4E66-BA5E-DAE80315E578}.ReleaseNT|Win32.Build.0 = Release|Win32
		{A3D04D75-4D09-4E66-BA5E-DAE80315E578}.ReleaseNT|x64.ActiveCfg = Release|Win32
		{2AA9CDC6-2826-4EA1-92E5-C587843F52B1}.Debug|Win32.ActiveCfg = Debug|Win32
		{2AA9CDC6-2826-4EA1-92E5-C587843F52B1}.Debug|Win32.Build.0 = Debug|Win32
		{2AA9CDC6-2826-4EA1-92E5-C587843F52B1}.Debug|x64.ActiveCfg = Debug|x64
		{2AA9CDC6-2826-4EA1-92E5-C587843F52B1}.Debug|x64.Build.0 = Debug|x64
		{2AA9CDC6-2826-4EA1-92E5-C587843F52B1}.Debug9x|Win32.ActiveCfg = Debug|x64
		{2AA9CDC6-2826-4EA1-92E5-C587843F52B1}.Debug9x|x64.ActiveCfg = Debug|x64
		{2AA9CDC6-2826-4EA1-92E5-C587843F52B1}.Debug9x|x64.Build.0 = Debug|x64
		{2AA9CDC6-2826-4EA1-92E5-C587843F52B1}.DebugNT|Win32.ActiveCfg = Debug|x64
		{2AA9CDC6-2826-4EA1-92E5-C587843F52B1}.DebugNT|x64.ActiveCfg = Debug|x64
		{2AA9CDC6-2826-4EA1-92E5-C587843F52B1}.DebugNT|x64.Build.0 = Debug|x64
		{2AA9CDC6-2826-4EA1-92E5-C587843F52B1}.Release|Win32.ActiveCfg = Release|Win32
		{2AA9CDC6-2826-4EA1-92E5-C587843F52B1}.Release|Win32.Build.0 = Release|Win32
		{2AA9CDC6-2826-4EA1-92E5-C587843F52B1}.Release|x64.ActiveCfg = Release|x64
		{2AA9CDC6-2826-4EA1-92E5-C587843F52B1}.Release|x64.Build.0 = Release|x64
		{2AA9CDC6-2826-4EA1-92E5-C587843F52B1}.Release9x|Win32.ActiveCfg = Release|x64
		{2AA9CDC6-2826-4EA1-92E5-C587843F52B1}.Release9x|x64.ActiveCfg = Release|x64
		{2AA9CDC6-2826-4EA1-92E5-C587843F52B1}.Release9x|x64.Build.0 = Release|x64
		{2AA9CDC6-2826-4EA1-92E5-C587843F52B1}.ReleaseNT|Win32.ActiveCfg = Release|x64
		{2AA9CDC6-2826-4EA1-92E5-C587843F52B1}.ReleaseNT|x64.ActiveCfg = Release|x64
		{2AA9CDC6-2826-4EA1-92E5-C587843F52B1}.ReleaseNT|x64.Build.0 = Release|x64
		{09E41E10-797D-451A-962E-379EFE08CE64}.Debug|Win32.ActiveCfg = Debug|Win32
		{09E41E10-797D-451A-962E-379EFE08CE64}.Debug|Win32.Build.0 = Debug|Win32
		{09E41E10-797D-451A-962E-379EFE08CE64}.Debug|x64.ActiveCfg = Debug|x64
		{09E41E10-797D-451A-962E-379EFE08CE64}.Debug|x64.Build.0 = Debug|x64
		{09E41E10-797D-451A-962E-379EFE08CE64}.Debug9x|Win32.ActiveCfg = Debug|Win32
		{09E41E10-797D-451A-962E-379EFE08CE64}.Debug9x|Win32.Build.0 = Debug|Win32
		{09E41E10-797D-451A-962E-379EFE08CE64}.Debug9x|x64.ActiveCfg = Debug|Win32
		{09E41E10-797D-451A-962E-379EFE08CE64}.DebugNT|Win32.ActiveCfg = Debug|Win32
		{09E41E10-797D-451A-962E-379EFE08CE64}.DebugNT|Win32.Build.0 = Debug|Win32
		{09E41E10-797D-451A-962E-379EFE08CE64}.DebugNT|x64.ActiveCfg = Debug|Win32
		{09E41E10-797D-451A-962E-379EFE08CE64}.Release|Win32.ActiveCfg = Release|Win32
		{09E41E10-797D-451A-962E-379EFE08CE64}.Release|Win32.Build.0 = Release|Win32
		{09E41E10-797D-451A-962E-379EFE08CE64}.Release|x64.ActiveCfg = Release|x64
		{09E41E10-797D-451A-962E-379EFE08CE64}.Release|x64.Build.0 = Release|x64
		{09E41E10-797D-451A-962E-379EFE08CE64}.Release9x|Win32.ActiveCfg = Release|Win32
		{09E41E10-797D-451A-962E-379EFE08CE64}.Release9x|Win32.Build.0 = Release|Win32
		{09E41E10-797D-451A-962E-379EFE08CE64}.Release9x|x64.ActiveCfg = Release|Win32
		{09E41E10-797D-451A-962E-379EFE08CE64}.ReleaseNT|Win32.ActiveCfg = Release|Win32
		{09E41E10-797D-451A-962E-379EFE08CE64}.ReleaseNT|Win32.Build.0 = Release|Win32
		{09E41E10-797D-451A-962E-379EFE08CE64}.ReleaseNT|x64.ActiveCfg = Release|Win32
		{3F924A92-CB09-48DD-9627-0EB48D5933C9}.Debug|Win32.ActiveCfg = Debug|Win32
		{3F924A92-CB09-48DD-9627-0EB48D5933C9}.Debug|Win32.Build.0 = Debug|Win32
		{3F924A92-CB09-48DD-9627-0EB48D5933C9}.Debug|x64.ActiveCfg = Debug|x64
		{3F924A92-CB09-48DD-9627-0EB48D5933C9}.Debug|x64.Build.0 = Debug|x64
		{3F924A92-CB09-48DD-9627-0EB48D5933C9}.Debug9x|Win32.ActiveCfg = Debug|Win32
		{3F924A92-CB09-48DD-9627-0EB48D5933C9}.Debug9x|Win32.Build.0 = Debug|Win32
		{3F924A92-CB09-48DD-9627-0EB48D5933C9}.Debug9x|x64.ActiveCfg = Debug|Win32
		{3F924A92-CB09-48DD-9627-0EB48D5933C9}.DebugNT|Win32.ActiveCfg = Debug|Win32
		{3F924A92-CB09-48DD-9627-0EB48D5933C9}.DebugNT|Win32.Build.0 = Debug|Win32
		{3F924A92-CB09-48DD-9627-0EB48D5933C9}.DebugNT|x64.ActiveCfg = Debug|Win32
		{3F924A92-CB09-48DD-9627-0EB48D5933C9}.Release|Win32.ActiveCfg = Release|Win32
		{3F924A92-CB09-48DD-9627-0EB48D5933C9}.Release|Win32.Build.0 = Release|Win32
		{3F924A92-CB09-48DD-9627-0EB48D5933C9}.Release|x64.ActiveCfg = Release|x64
		{3F924A92-CB09-48DD-9627-0EB48D5933C9}.Release|x64.Build.0 = Release|x64
		{3F924A92-CB09-48DD-9627-0EB48D5933C9}.Release9x|Win32.ActiveCfg = Release|Win32
		{3F924A92-CB09-48DD-9627-0EB48D5933C9}.Release9x|Win32.Build.0 = Release|Win32
		{3F924A92-CB09-48DD-9627-0EB48D5933C9}.Release9x|x64.ActiveCfg = Release|Win32
		{3F924A92-CB09-48DD-9627-0EB48D5933C9}.ReleaseNT|Win32.ActiveCfg = Release|Win32
		{3F924A92-CB09-48DD-9627-0EB48D5933C9}.ReleaseNT|Win32.Build.0 = Release|Win32
		{3F924A92-CB09-48DD-9627-0EB48D5933C9}.ReleaseNT|x64.ActiveCfg = Release|Win32
		{A3B69F36-69A1-4522-B972-C9DBAD6AAA01}.Debug|Win32.ActiveCfg = Debug|Win32
		{A3B69F36-69A1-4522-B972-C9DBAD6AAA01}.Debug|Win32.Build.0 = Debug|Win32
		{A3B69F36-69A1-4522-B972-C9DBAD6AAA01}.Debug|x64.ActiveCfg = Debug|x64
		{A3B69F36-69A1-4522-B972-C9DBAD6AAA01}.Debug|x64.Build.0 = Debug|x64
		{A3B69F36-69A1-4522-B972-C9DBAD6AAA01}.Debug9x|Win32.ActiveCfg = Debug|x64
		{A3B69F36-69A1-4522-B972-C9DBAD6AAA01}.Debug9x|x64.ActiveCfg = Debug|x64
		{A3B69F36-69A1-4522-B972-C9DBAD6AAA01}.Debug9x|x64.Build.0 = Debug|x64
		{A3B69F36-69A1-4522-B972-C9DBAD6AAA01}.DebugNT|Win32.ActiveCfg = Debug|x64
		{A3B69F36-69A1-4522-B972-C9DBAD6AAA01}.DebugNT|x64.ActiveCfg = Debug|x64
		{A3B69F36-69A1-4522-B972-C9DBAD6AAA01}.DebugNT|x64.Build.0 = Debug|x64
		{A3B69F36-69A1-4522-B972-C9DBAD6AAA01}.Release|Win32.ActiveCfg = Release|Win32
		{A3B69F36-69A1-4522-B972-C9DBAD6AAA01}.Release|Win32.Build.0 = Release|Win32
		{A3B69F36-69A1-4522-B972-C9DBAD6AAA01}.Release|x64.ActiveCfg = Release|x64
		{A3B69F36-69A1-4522-B972-C9DBAD6AAA01}.Release|x64.Build.0 = Release|x64
		{A3B69F36-69A1-4522-B972-C9DBAD6AAA01}.Release9x|Win32.ActiveCfg = Release|x64
		{A3B69F36-69A1-4522-B972-C9DBAD6AAA01}.Release9x|x64.ActiveCfg = Release|x64
		{A3B69F36-69A1-4522-B972-C9DBAD6AAA01}.Release9x|x64.Build.0 = Release|x64
		{A3B69F36-69A1-4522-B972-C9DBAD6AAA01}.ReleaseNT|Win32.ActiveCfg = Release|x64
		{A3B69F36-69A1-4522-B972-C9DBAD6AAA01}.ReleaseNT|x64.ActiveCfg = Release|x64
		{A3B69F36-69A1-4522-B972-C9DBAD6AAA01}.ReleaseNT|x64.Build.0 = Release|x64
		{9D106A24-86F3-4240-85B8-17213BF6B4F5}.Debug|Win32.ActiveCfg = Debug|Win32
		{9D106A24-86F3-4240-85B8-17213BF6B4F5}.Debug|Win32.Build.0 = Debug|Win32
		{9D106A24-86F3-4240-85B8-17213BF6B4F5}.Debug|x64.ActiveCfg = Debug|x64
		{9D106A24-86F3-4240-85B8-17213BF6B4F5}.Debug|x64.Build.0 = Debug|x64
		{9D106A24-86F3-4240-85B8-17213BF6B4F5}.Debug9x|Win32.ActiveCfg = Debug9x|Win32
		{9D106A24-86F3-4240-85B8-17213BF6B4F5}.Debug9x|Win32.Build.0 = Debug9x|Win32
		{9D106A24-86F3-4240-85B8-17213BF6B4F5}.Debug9x|x64.ActiveCfg = Debug9x|x64
		{9D106A24-86F3-4240-85B8-17213BF6B4F5}.Debug9x|x64.Build.0 = Debug9x|x64
		{9D106A24-86F3-4240-85B8-17213BF6B4F5}.DebugNT|Win32.ActiveCfg = Debug|x64
		{9D106A24-86F3-4240-85B8-17213BF6B4F5}.DebugNT|x64.ActiveCfg = Debug|x64
		{9D106A24-86F3-4240-85B8-17213BF6B4F5}.DebugNT|x64.Build.0 = Debug|x64
		{9D106A24-86F3-4240-85B8-17213BF6B4F5}.Release|Win32.ActiveCfg = Release|Win32
		{9D106A24-86F3-4240-85B8-17213BF6B4F5}.Release|Win32.Build.0 = Release|Win32
		{9D106A24-86F3-4240-85B8-17213BF6B4F5}.Release|x64.ActiveCfg = Release|x64
		{9D106A24-86F3-4240-85B8-17213BF6B4F5}.Release|x64.Build.0 = Release|x64
		{9D106A24-86F3-4240-85B8-17213BF6B4F5}.Release9x|Win32.ActiveCfg = Release9x|Win32
		{9D106A24-86F3-4240-85B8-17213BF6B4F5}.Release9x|Win32.Build.0 = Release9x|Win32
		{9D106A24-86F3-4240-85B8-17213BF6B4F5}.Release9x|x64.ActiveCfg = Release9x|x64
		{9D106A24-86F3-4240-85B8-17213BF6B4F5}.Release9x|x64.Build.0 = Release9x|x64
		{9D106A24-86F3-4240-85B8-17213BF6B4F5}.ReleaseNT|Win32.ActiveCfg = Release|x64
		{9D106A24-86F3-4240-85B8-17213BF6B4F5}.ReleaseNT|x64.ActiveCfg = Release|x64
		{9D106A24-86F3-4240-85B8-17213BF6B4F5}.ReleaseNT|x64.Build.0 = Release|x64
		{893FCBD1-1BB3-4A98-A1FE-46376C08E559}.Debug|Win32.ActiveCfg = Debug|Win32
		{893FCBD1-1BB3-4A98-A1FE-46376C08E559}.Debug|Win32.Build.0 = Debug|Win32
		{893FCBD1-1BB3-4A98-A1FE-46376C08E559}.Debug|x64.ActiveCfg = Debug|x64
		{893FCBD1-1BB3-4A98-A1FE-46376C08E559}.Debug|x64.Build.0 = Debug|x64
		{893FCBD1-1BB3-4A98-A1FE-46376C08E559}.Debug9x|Win32.ActiveCfg = Debug|Win32
		{893FCBD1-1BB3-4A98-A1FE-46376C08E559}.Debug9x|Win32.Build.0 = Debug|Win32
		{893FCBD1-1BB3-4A98-A1FE-46376C08E559}.Debug9x|x64.ActiveCfg = Debug|Win32
		{893FCBD1-1BB3-4A98-A1FE-46376C08E559}.DebugNT|Win32.ActiveCfg = Debug|Win32
		{893FCBD1-1BB3-4A98-A1FE-46376C08E559}.DebugNT|Win32.Build.0 = Debug|Win32
		{893FCBD1-1BB3-4A98-A1FE-46376C08E559}.DebugNT|x64.ActiveCfg = Debug|Win32
		{893FCBD1-1BB3-4A98-A1FE-46376C08E559}.Release|Win32.ActiveCfg = Release|Win32
		{893FCBD1-1BB3-4A98-A1FE-46376C08E559}.Release|Win32.Build.0 = Release|Win32
		{893FCBD1-1BB3-4A98-A1FE-46376C08E559}.Release|x64.ActiveCfg = Release|x64
		{893FCBD1-1BB3-4A98-A1FE-46376C08E559}.Release|x64.Build.0 = Release|x64
		{893FCBD1-1BB3-4A98-A1FE-46376C08E559}.Release9x|Win32.ActiveCfg = Release|Win32
		{893FCBD1-1BB3-4A98-A1FE-46376C08E559}.Release9x|Win32.Build.0 = Release|Win32
		{893FCBD1-1BB3-4A98-A1FE-46376C08E559}.Release9x|x64.ActiveCfg = Release|Win32
		{893FCBD1-1BB3-4A98-A1FE-46376C08E559}.ReleaseNT|Win32.ActiveCfg = Release|Win32
		{893FCBD1-1BB3-4A98-A1FE-46376C08E559}.ReleaseNT|Win32.Build.0 = Release|Win32
		{893FCBD1-1BB3-4A98-A1FE-46376C08E559}.ReleaseNT|x64.ActiveCfg = Release|Win32
		{23D36DA6-E7E7-4E3C-87ED-A8E4DDC06EEE}.Debug|Win32.ActiveCfg = Debug|Win32
		{23D36DA6-E7E7-4E3C-87ED-A8E4DDC06EEE}.Debug|Win32.Build.0 = Debug|Win32
		{23D36DA6-E7E7-4E3C-87ED-A8E4DDC06EEE}.Debug|x64.ActiveCfg = Debug|x64
		{23D36DA6-E7E7-4E3C-87ED-A8E4DDC06EEE}.Debug|x64.Build.0 = Debug|x64
		{23D36DA6-E7E7-4E3C-87ED-A8E4DDC06EEE}.Debug9x|Win32.ActiveCfg = Debug|Win32
		{23D36DA6-E7E7-4E3C-87ED-A8E4DDC06EEE}.Debug9x|Win32.Build.0 = Debug|Win32
		{23D36DA6-E7E7-4E3C-87ED-A8E4DDC06EEE}.Debug9x|x64.ActiveCfg = Debug|Win32
		{23D36DA6-E7E7-4E3C-87ED-A8E4DDC06EEE}.DebugNT|Win32.ActiveCfg = Debug|Win32
		{23D36DA6-E7E7-4E3C-87ED-A8E4DDC06EEE}.DebugNT|Win32.Build.0 = Debug|Win32
		{23D36DA6-E7E7-4E3C-87ED-A8E4DDC06EEE}.DebugNT|x64.ActiveCfg = Debug|Win32
		{23D36DA6-E7E7-4E3C-87ED-A8E4DDC06EEE}.Release|Win32.ActiveCfg = Release|Win32
		{23D36DA6-E7E7-4E3C-87ED-A8E4DDC06EEE}.Release|Win32.Build.0 = Release|Win32
		{23D36DA6-E7E7-4E3C-87ED-A8E4DDC06EEE}.Release|x64.ActiveCfg = Release|x64
		{23D36DA6-E7E7-4E3C-87ED-A8E4DDC06EEE}.Release|x64.Build.0 = Release|x64
		{23D36DA6-E7E7-4E3C-87ED-A8E4DDC06EEE}.Release9x|Win32.ActiveCfg = Release|Win32
		{23D36DA6-E7E7-4E3C-87ED-A8E4DDC06EEE}.Release9x|Win32.Build.0 = Release|Win32
		{23D36DA6-E7E7-4E3C-87ED-A8E4DDC06EEE}.Release9x|x64.ActiveCfg = Release|Win32
		{23D36DA6-E7E7-4E3C-87ED-A8E4DDC06EEE}.ReleaseNT|Win32.ActiveCfg = Release|Win32
		{23D36DA6-E7E7-4E3C-87ED-A8E4DDC06EEE}.ReleaseNT|Win32.Build.0 = Release|Win32
		{23D36DA6-E7E7-4E3C-87ED-A8E4DDC06EEE}.ReleaseNT|x64.ActiveCfg = Release|Win32
		{1B4A98AA-2FCF-45B4-B08C-9973000EBEE2}.Debug|Win32.ActiveCfg = Debug|Win32
		{1B4A98AA-2FCF-45B4-B08C-9973000EBEE2}.Debug|Win32.Build.0 = Debug|Win32
		{1B4A98AA-2FCF-45B4-B08C-9973000EBEE2}.Debug|x64.ActiveCfg = Debug|x64
		{1B4A98AA-2FCF-45B4-B08C-9973000EBEE2}.Debug|x64.Build.0 = Debug|x64
		{1B4A98AA-2FCF-45B4-B08C-9973000EBEE2}.Debug9x|Win32.ActiveCfg = Debug9x|Win32
		{1B4A98AA-2FCF-45B4-B08C-9973000EBEE2}.Debug9x|Win32.Build.0 = Debug9x|Win32
		{1B4A98AA-2FCF-45B4-B08C-9973000EBEE2}.Debug9x|x64.ActiveCfg = Debug9x|x64
		{1B4A98AA-2FCF-45B4-B08C-9973000EBEE2}.Debug9x|x64.Build.0 = Debug9x|x64
		{1B4A98AA-2FCF-45B4-B08C-9973000EBEE2}.DebugNT|Win32.ActiveCfg = Debug9x|x64
		{1B4A98AA-2FCF-45B4-B08C-9973000EBEE2}.DebugNT|x64.ActiveCfg = Debug9x|x64
		{1B4A98AA-2FCF-45B4-B08C-9973000EBEE2}.DebugNT|x64.Build.0 = Debug9x|x64
		{1B4A98AA-2FCF-45B4-B08C-9973000EBEE2}.Release|Win32.ActiveCfg = Release|Win32
		{1B4A98AA-2FCF-45B4-B08C-9973000EBEE2}.Release|Win32.Build.0 = Release|Win32
		{1B4A98AA-2FCF-45B4-B08C-9973000EBEE2}.Release|x64.ActiveCfg = Release|x64
		{1B4A98AA-2FCF-45B4-B08C-9973000EBEE2}.Release|x64.Build.0 = Release|x64
		{1B4A98AA-2FCF-45B4-B08C-9973000EBEE2}.Release9x|Win32.ActiveCfg = Release9x|Win32
		{1B4A98AA-2FCF-45B4-B08C-9973000EBEE2}.Release9x|Win32.Build.0 = Release9x|Win32
		{1B4A98AA-2FCF-45B4-B08C-9973000EBEE2}.Release9x|x64.ActiveCfg = Release9x|x64
		{1B4A98AA-2FCF-45B4-B08C-9973000EBEE2}.Release9x|x64.Build.0 = Release9x|x64
		{1B4A98AA-2FCF-45B4-B08C-9973000EBEE2}.ReleaseNT|Win32.ActiveCfg = Release|x64
		{1B4A98AA-2FCF-45B4-B08C-9973000EBEE2}.ReleaseNT|x64.ActiveCfg = Release|x64
		{1B4A98AA-2FCF-45B4-B08C-9973000EBEE2}.ReleaseNT|x64.Build.0 = Release|x64
		{0AB1C53A-7A4F-4B5D-9B94-C0746434D6F6}.Debug|Win32.ActiveCfg = Debug|Win32
		{0AB1C53A-7A4F-4B5D-9B94-C0746434D6F6}.Debug|Win32.Build.0 = Debug|Win32
		{0AB1C53A-7A4F-4B5D-9B94-C0746434D6F6}.Debug|x64.ActiveCfg = Debug|x64
		{0AB1C53A-7A4F-4B5D-9B94-C0746434D6F6}.Debug|x64.Build.0 = Debug|x64
		{0AB1C53A-7A4F-4B5D-9B94-C0746434D6F6}.Debug9x|Win32.ActiveCfg = Debug9x|Win32
		{0AB1C53A-7A4F-4B5D-9B94-C0746434D6F6}.Debug9x|Win32.Build.0 = Debug9x|Win32
		{0AB1C53A-7A4F-4B5D-9B94-C0746434D6F6}.Debug9x|x64.ActiveCfg = Debug9x|x64
		{0AB1C53A-7A4F-4B5D-9B94-C0746434D6F6}.Debug9x|x64.Build.0 = Debug9x|x64
		{0AB1C53A-7A4F-4B5D-9B94-C0746434D6F6}.DebugNT|Win32.ActiveCfg = Debug9x|Win32
		{0AB1C53A-7A4F-4B5D-9B94-C0746434D6F6}.DebugNT|Win32.Build.0 = Debug9x|Win32
		{0AB1C53A-7A4F-4B5D-9B94-C0746434D6F6}.DebugNT|x64.ActiveCfg = Debug9x|Win32
		{0AB1C53A-7A4F-4B5D-9B94-C0746434D6F6}.Release|Win32.ActiveCfg = Release|Win32
		{0AB1C53A-7A4F-4B5D-9B94-C0746434D6F6}.Release|Win32.Build.0 = Release|Win32
		{0AB1C53A-7A4F-4B5D-9B94-C0746434D6F6}.Release|x64.ActiveCfg = Release|x64
		{0AB1C53A-7A4F-4B5D-9B94-C0746434D6F6}.Release|x64.Build.0 = Release|x64
		{0AB1C53A-7A4F-4B5D-9B94-C0746434D6F6}.Release9x|Win32.ActiveCfg = Release9x|Win32
		{0AB1C53A-7A4F-4B5D-9B94-C0746434D6F6}.Release9x|Win32.Build.0 = Release9x|Win32
		{0AB1C53A-7A4F-4B5D-9B94-C0746434D6F6}.Release9x|x64.ActiveCfg = Release9x|x64
		{0AB1C53A-7A4F-4B5D-9B94-C0746434D6F6}.Release9x|x64.Build.0 = Release9x|x64
		{0AB1C53A-7A4F-4B5D-9B94-C0746434D6F6}.ReleaseNT|Win32.ActiveCfg = Release9x|Win32
		{0AB1C53A-7A4F-4B5D-9B94-C0746434D6F6}.ReleaseNT|Win32.Build.0 = Release9x|Win32
		{0AB1C53A-7A4F-4B5D-9B94-C0746434D6F6}.ReleaseNT|x64.ActiveCfg = Release9x|Win32
		{3D45F1CC-9701-4230-81CE-4DA1DB4DDEB5}.Debug|Win32.ActiveCfg = Debug|Win32
		{3D45F1CC-9701-4230-81CE-4DA1DB4DDEB5}.Debug|Win32.Build.0 = Debug|Win32
		{3D45F1CC-9701-4230-81CE-4DA1DB4DDEB5}.Debug|x64.ActiveCfg = Debug|x64
		{3D45F1CC-9701-4230-81CE-4DA1DB4DDEB5}.Debug|x64.Build.0 = Debug|x64
		{3D45F1CC-9701-4230-81CE-4DA1DB4DDEB5}.Debug9x|Win32.ActiveCfg = Debug|Win32
		{3D45F1CC-9701-4230-81CE-4DA1DB4DDEB5}.Debug9x|Win32.Build.0 = Debug|Win32
		{3D45F1CC-9701-4230-81CE-4DA1DB4DDEB5}.Debug9x|x64.ActiveCfg = Debug|Win32
		{3D45F1CC-9701-4230-81CE-4DA1DB4DDEB5}.DebugNT|Win32.ActiveCfg = Debug|Win32
		{3D45F1CC-9701-4230-81CE-4DA1DB4DDEB5}.DebugNT|Win32.Build.0 = Debug|Win32
		{3D45F1CC-9701-4230-81CE-4DA1DB4DDEB5}.DebugNT|x64.ActiveCfg = Debug|Win32
		{3D45F1CC-9701-4230-81CE-4DA1DB4DDEB5}.Release|Win32.ActiveCfg = Release|Win32
		{3D45F1CC-9701-4230-81CE-4DA1DB4DDEB5}.Release|Win32.Build.0 = Release|Win32
		{3D45F1CC-9701-4230-81CE-4DA1DB4DDEB5}.Release|x64.ActiveCfg = Release|x64
		{3D45F1CC-9701-4230-81CE-4DA1DB4DDEB5}.Release|x64.Build.0 = Release|x64
		{3D45F1CC-9701-4230-81CE-4DA1DB4DDEB5}.Release9x|Win32.ActiveCfg = Release|Win32
		{3D45F1CC-9701-4230-81CE-4DA1DB4DDEB5}.Release9x|Win32.Build.0 = Release|Win32
		{3D45F1CC-9701-4230-81CE-4DA1DB4DDEB5}.Release9x|x64.ActiveCfg = Release|Win32
		{3D45F1CC-9701-4230-81CE-4DA1DB4DDEB5}.ReleaseNT|Win32.ActiveCfg = Release|Win32
		{3D45F1CC-9701-4230-81CE-4DA1DB4DDEB5}.ReleaseNT|Win32.Build.0 = Release|Win32
		{3D45F1CC-9701-4230-81CE-4DA1DB4DDEB5}.ReleaseNT|x64.ActiveCfg = Release|Win32
		{0D4EA2E5-3BED-418D-AC71-37DD365C2768}.Debug|Win32.ActiveCfg = Debug|Win32
		{0D4EA2E5-3BED-418D-AC71-37DD365C2768}.Debug|Win32.Build.0 = Debug|Win32
		{0D4EA2E5-3BED-418D-AC71-37DD365C2768}.Debug|x64.ActiveCfg = Debug|x64
		{0D4EA2E5-3BED-418D-AC71-37DD365C2768}.Debug|x64.Build.0 = Debug|x64
		{0D4EA2E5-3BED-418D-AC71-37DD365C2768}.Debug9x|Win32.ActiveCfg = Debug9x|Win32
		{0D4EA2E5-3BED-418D-AC71-37DD365C2768}.Debug9x|Win32.Build.0 = Debug9x|Win32
		{0D4EA2E5-3BED-418D-AC71-37DD365C2768}.Debug9x|x64.ActiveCfg = Debug9x|x64
		{0D4EA2E5-3BED-418D-AC71-37DD365C2768}.Debug9x|x64.Build.0 = Debug9x|x64
		{0D4EA2E5-3BED-418D-AC71-37DD365C2768}.DebugNT|Win32.ActiveCfg = DebugNT|Win32
		{0D4EA2E5-3BED-418D-AC71-37DD365C2768}.DebugNT|Win32.Build.0 = DebugNT|Win32
		{0D4EA2E5-3BED-418D-AC71-37DD365C2768}.DebugNT|x64.ActiveCfg = DebugNT|x64
		{0D4EA2E5-3BED-418D-AC71-37DD365C2768}.DebugNT|x64.Build.0 = DebugNT|x64
		{0D4EA2E5-3BED-418D-AC71-37DD365C2768}.Release|Win32.ActiveCfg = Release|Win32
		{0D4EA2E5-3BED-418D-AC71-37DD365C2768}.Release|Win32.Build.0 = Release|Win32
		{0D4EA2E5-3BED-418D-AC71-37DD365C2768}.Release|x64.ActiveCfg = Release|x64
		{0D4EA2E5-3BED-418D-AC71-37DD365C2768}.Release|x64.Build.0 = Release|x64
		{0D4EA2E5-3BED-418D-AC71-37DD365C2768}.Release9x|Win32.ActiveCfg = Release9x|Win32
		{0D4EA2E5-3BED-418D-AC71-37DD365C2768}.Release9x|Win32.Build.0 = Release9x|Win32
		{0D4EA2E5-3BED-418D-AC71-37DD365C2768}.Release9x|x64.ActiveCfg = Release9x|x64
		{0D4EA2E5-3BED-418D-AC71-37DD365C2768}.Release9x|x64.Build.0 = Release9x|x64
		{0D4EA2E5-3BED-418D-AC71-37DD365C2768}.ReleaseNT|Win32.ActiveCfg = ReleaseNT|Win32
		{0D4EA2E5-3BED-418D-AC71-37DD365C2768}.ReleaseNT|Win32.Build.0 = ReleaseNT|Win32
		{0D4EA2E5-3BED-418D-AC71-37DD365C2768}.ReleaseNT|x64.ActiveCfg = ReleaseNT|x64
		{0D4EA2E5-3BED-418D-AC71-37DD365C2768}.ReleaseNT|x64.Build.0 = ReleaseNT|x64
		{68E8340D-0D14-4D95-A614-E1E85272C571}.Debug|Win32.ActiveCfg = Debug|Win32
		{68E8340D-0D14-4D95-A614-E1E85272C571}.Debug|Win32.Build.0 = Debug|Win32
		{68E8340D-0D14-4D95-A614-E1E85272C571}.Debug|x64.ActiveCfg = Debug|x64
		{68E8340D-0D14-4D95-A614-E1E85272C571}.Debug|x64.Build.0 = Debug|x64
		{68E8340D-0D14-4D95-A614-E1E85272C571}.Debug9x|Win32.ActiveCfg = Debug9x|Win32
		{68E8340D-0D14-4D95-A614-E1E85272C571}.Debug9x|Win32.Build.0 = Debug9x|Win32
		{68E8340D-0D14-4D95-A614-E1E85272C571}.Debug9x|x64.ActiveCfg = Debug9x|x64
		{68E8340D-0D14-4D95-A614-E1E85272C571}.Debug9x|x64.Build.0 = Debug9x|x64
		{68E8340D-0D14-4D95-A614-E1E85272C571}.DebugNT|Win32.ActiveCfg = DebugNT|Win32
		{68E8340D-0D14-4D95-A614-E1E85272C571}.DebugNT|Win32.Build.0 = DebugNT|Win32
		{68E8340D-0D14-4D95-A614-E1E85272C571}.DebugNT|x64.ActiveCfg = DebugNT|x64
		{68E8340D-0D14-4D95-A614-E1E85272C571}.DebugNT|x64.Build.0 = DebugNT|x64
		{68E8340D-0D14-4D95-A614-E1E85272C571}.Release|Win32.ActiveCfg = Release|Win32
		{68E8340D-0D14-4D95-A614-E1E85272C571}.Release|Win32.Build.0 = Release|Win32
		{68E8340D-0D14-4D95-A614-E1E85272C571}.Release|x64.ActiveCfg = Release|x64
		{68E8340D-0D14-4D95-A614-E1E85272C571}.Release|x64.Build.0 = Release|x64
		{68E8340D-0D14-4D95-A614-E1E85272C571}.Release9x|Win32.ActiveCfg = Release9x|Win32
		{68E8340D-0D14-4D95-A614-E1E85272C571}.Release9x|Win32.Build.0 = Release9x|Win32
		{68E8340D-0D14-4D95-A614-E1E85272C571}.Release9x|x64.ActiveCfg = Release9x|x64
		{68E8340D-0D14-4D95-A614-E1E85272C571}.Release9x|x64.Build.0 = Release9x|x64
		{68E8340D-0D14-4D95-A614-E1E85272C571}.ReleaseNT|Win32.ActiveCfg = ReleaseNT|Win32
		{68E8340D-0D14-4D95-A614-E1E85272C571}.ReleaseNT|Win32.Build.0 = ReleaseNT|Win32
		{68E8340D-0D14-4D95-A614-E1E85272C571}.ReleaseNT|x64.ActiveCfg = ReleaseNT|x64
		{68E8340D-0D14-4D95-A614-E1E85272C571}.ReleaseNT|x64.Build.0 = ReleaseNT|x64
		{1D966434-365F-4BE4-94BB-BD8EE140CEB1}.Debug|Win32.ActiveCfg = Debug|Win32
		{1D966434-365F-4BE4-94BB-BD8EE140CEB1}.Debug|Win32.Build.0 = Debug|Win32
		{1D966434-365F-4BE4-94BB-BD8EE140CEB1}.Debug|x64.ActiveCfg = Debug|x64
		{1D966434-365F-4BE4-94BB-BD8EE140CEB1}.Debug|x64.Build.0 = Debug|x64
		{1D966434-365F-4BE4-94BB-BD8EE140CEB1}.Debug9x|Win32.ActiveCfg = Debug|x64
		{1D966434-365F-4BE4-94BB-BD8EE140CEB1}.Debug9x|x64.ActiveCfg = Debug|x64
		{1D966434-365F-4BE4-94BB-BD8EE140CEB1}.Debug9x|x64.Build.0 = Debug|x64
		{1D966434-365F-4BE4-94BB-BD8EE140CEB1}.DebugNT|Win32.ActiveCfg = Debug|x64
		{1D966434-365F-4BE4-94BB-BD8EE140CEB1}.DebugNT|x64.ActiveCfg = Debug|x64
		{1D966434-365F-4BE4-94BB-BD8EE140CEB1}.DebugNT|x64.Build.0 = Debug|x64
		{1D966434-365F-4BE4-94BB-BD8EE140CEB1}.Release|Win32.ActiveCfg = Release|Win32
		{1D966434-365F-4BE4-94BB-BD8EE140CEB1}.Release|Win32.Build.0 = Release|Win32
		{1D966434-365F-4BE4-94BB-BD8EE140CEB1}.Release|x64.ActiveCfg = Release|x64
		{1D966434-365F-4BE4-94BB-BD8EE140CEB1}.Release|x64.Build.0 = Release|x64
		{1D966434-365F-4BE4-94BB-BD8EE140CEB1}.Release9x|Win32.ActiveCfg = Release|x64
		{1D966434-365F-4BE4-94BB-BD8EE140CEB1}.Release9x|x64.ActiveCfg = Release|x64
		{1D966434-365F-4BE4-94BB-BD8EE140CEB1}.Release9x|x64.Build.0 = Release|x64
		{1D966434-365F-4BE4-94BB-BD8EE140CEB1}.ReleaseNT|Win32.ActiveCfg = Release|x64
		{1D966434-365F-4BE4-94BB-BD8EE140CEB1}.ReleaseNT|x64.ActiveCfg = Release|x64
		{1D966434-365F-4BE4-94BB-BD8EE140CEB1}.ReleaseNT|x64.Build.0 = Release|x64
		{5523BE48-CBD6-4AB0-B45C-8D3CDF1EAE39}.Debug|Win32.ActiveCfg = Debug|Win32
		{5523BE48-CBD6-4AB0-B45C-8D3CDF1EAE39}.Debug|Win32.Build.0 = Debug|Win32
		{5523BE48-CBD6-4AB0-B45C-8D3CDF1EAE39}.Debug|x64.ActiveCfg = Debug|x64
		{5523BE48-CBD6-4AB0-B45C-8D3CDF1EAE39}.Debug|x64.Build.0 = Debug|x64
		{5523BE48-CBD6-4AB0-B45C-8D3CDF1EAE39}.Debug9x|Win32.ActiveCfg = Debug9x|Win32
		{5523BE48-CBD6-4AB0-B45C-8D3CDF1EAE39}.Debug9x|Win32.Build.0 = Debug9x|Win32
		{5523BE48-CBD6-4AB0-B45C-8D3CDF1EAE39}.Debug9x|x64.ActiveCfg = Debug9x|x64
		{5523BE48-CBD6-4AB0-B45C-8D3CDF1EAE39}.Debug9x|x64.Build.0 = Debug9x|x64
		{5523BE48-CBD6-4AB0-B45C-8D3CDF1EAE39}.DebugNT|Win32.ActiveCfg = Debug9x|Win32
		{5523BE48-CBD6-4AB0-B45C-8D3CDF1EAE39}.DebugNT|Win32.Build.0 = Debug9x|Win32
		{5523BE48-CBD6-4AB0-B45C-8D3CDF1EAE39}.DebugNT|x64.ActiveCfg = Debug9x|Win32
		{5523BE48-CBD6-4AB0-B45C-8D3CDF1EAE39}.Release|Win32.ActiveCfg = Release|Win32
		{5523BE48-CBD6-4AB0-B45C-8D3CDF1EAE39}.Release|Win32.Build.0 = Release|Win32
		{5523BE48-CBD6-4AB0-B45C-8D3CDF1EAE39}.Release|x64.ActiveCfg = Release|x64
		{5523BE48-CBD6-4AB0-B45C-8D3CDF1EAE39}.Release|x64.Build.0 = Release|x64
		{5523BE48-CBD6-4AB0-B45C-8D3CDF1EAE39}.Release9x|Win32.ActiveCfg = Release9x|Win32
		{5523BE48-CBD6-4AB0-B45C-8D3CDF1EAE39}.Release9x|Win32.Build.0 = Release9x|Win32
		{5523BE48-CBD6-4AB0-B45C-8D3CDF1EAE39}.Release9x|x64.ActiveCfg = Release9x|x64
		{5523BE48-CBD6-4AB0-B45C-8D3CDF1EAE39}.Release9x|x64.Build.0 = Release9x|x64
		{5523BE48-CBD6-4AB0-B45C-8D3CDF1EAE39}.ReleaseNT|Win32.ActiveCfg = Release9x|Win32
		{5523BE48-CBD6-4AB0-B45C-8D3CDF1EAE39}.ReleaseNT|Win32.Build.0 = Release9x|Win32
		{5523BE48-CBD6-4AB0-B45C-8D3CDF1EAE39}.ReleaseNT|x64.ActiveCfg = Release9x|Win32
		{2551E295-AD81-4360-AB15-1BE9ED6F0077}.Debug|Win32.ActiveCfg = Debug|Win32
		{2551E295-AD81-4360-AB15-1BE9ED6F0077}.Debug|Win32.Build.0 = Debug|Win32
		{2551E295-AD81-4360-AB15-1BE9ED6F0077}.Debug|x64.ActiveCfg = Debug|x64
		{2551E295-AD81-4360-AB15-1BE9ED6F0077}.Debug|x64.Build.0 = Debug|x64
		{2551E295-AD81-4360-AB15-1BE9ED6F0077}.Debug9x|Win32.ActiveCfg = Debug|x64
		{2551E295-AD81-4360-AB15-1BE9ED6F0077}.Debug9x|x64.ActiveCfg = Debug|x64
		{2551E295-AD81-4360-AB15-1BE9ED6F0077}.Debug9x|x64.Build.0 = Debug|x64
		{2551E295-AD81-4360-AB15-1BE9ED6F0077}.DebugNT|Win32.ActiveCfg = Debug|x64
		{2551E295-AD81-4360-AB15-1BE9ED6F0077}.DebugNT|x64.ActiveCfg = Debug|x64
		{2551E295-AD81-4360-AB15-1BE9ED6F0077}.DebugNT|x64.Build.0 = Debug|x64
		{2551E295-AD81-4360-AB15-1BE9ED6F0077}.Release|Win32.ActiveCfg = Release|Win32
		{2551E295-AD81-4360-AB15-1BE9ED6F0077}.Release|Win32.Build.0 = Release|Win32
		{2551E295-AD81-4360-AB15-1BE9ED6F0077}.Release|x64.ActiveCfg = Release|x64
		{2551E295-AD81-4360-AB15-1BE9ED6F0077}.Release|x64.Build.0 = Release|x64
		{2551E295-AD81-4360-AB15-1BE9ED6F0077}.Release9x|Win32.ActiveCfg = Release|x64
		{2551E295-AD81-4360-AB15-1BE9ED6F0077}.Release9x|x64.ActiveCfg = Release|x64
		{2551E295-AD81-4360-AB15-1BE9ED6F0077}.Release9x|x64.Build.0 = Release|x64
		{2551E295-AD81-4360-AB15-1BE9ED6F0077}.ReleaseNT|Win32.ActiveCfg = Release|x64
		{2551E295-AD81-4360-AB15-1BE9ED6F0077}.ReleaseNT|x64.ActiveCfg = Release|x64
		{2551E295-AD81-4360-AB15-1BE9ED6F0077}.ReleaseNT|x64.Build.0 = Release|x64
		{8512F49A-C9E1-4991-9F78-B8F521495134}.Debug|Win32.ActiveCfg = Debug|Win32
		{8512F49A-C9E1-4991-9F78-B8F521495134}.Debug|Win32.Build.0 = Debug|Win32
		{8512F49A-C9E1-4991-9F78-B8F521495134}.Debug|x64.ActiveCfg = Debug|x64
		{8512F49A-C9E1-4991-9F78-B8F521495134}.Debug|x64.Build.0 = Debug|x64
		{8512F49A-C9E1-4991-9F78-B8F521495134}.Debug9x|Win32.ActiveCfg = Debug|Win32
		{8512F49A-C9E1-4991-9F78-B8F521495134}.Debug9x|Win32.Build.0 = Debug|Win32
		{8512F49A-C9E1-4991-9F78-B8F521495134}.Debug9x|x64.ActiveCfg = Debug|Win32
		{8512F49A-C9E1-4991-9F78-B8F521495134}.DebugNT|Win32.ActiveCfg = Debug|Win32
		{8512F49A-C9E1-4991-9F78-B8F521495134}.DebugNT|Win32.Build.0 = Debug|Win32
		{8512F49A-C9E1-4991-9F78-B8F521495134}.DebugNT|x64.ActiveCfg = Debug|Win32
		{8512F49A-C9E1-4991-9F78-B8F521495134}.Release|Win32.ActiveCfg = Release|Win32
		{8512F49A-C9E1-4991-9F78-B8F521495134}.Release|Win32.Build.0 = Release|Win32
		{8512F49A-C9E1-4991-9F78-B8F521495134}.Release|x64.ActiveCfg = Release|x64
		{8512F49A-C9E1-4991-9F78-B8F521495134}.Release|x64.Build.0 = Release|x64
		{8512F49A-C9E1-4991-9F78-B8F521495134}.Release9x|Win32.ActiveCfg = Release|Win32
		{8512F49A-C9E1-4991-9F78-B8F521495134}.Release9x|Win32.Build.0 = Release|Win32
		{8512F49A-C9E1-4991-9F78-B8F521495134}.Release9x|x64.ActiveCfg = Release|Win32
		{8512F49A-C9E1-4991-9F78-B8F521495134}.ReleaseNT|Win32.ActiveCfg = Release|Win32
		{8512F49A-C9E1-4991-9F78-B8F521495134}.ReleaseNT|Win32.Build.0 = Release|Win32
		{8512F49A-C9E1-4991-9F78-B8F521495134}.ReleaseNT|x64.ActiveCfg = Release|Win32
		{2B855DCB-50C1-4A11-BF84-D6D170C4A6F0}.Debug|Win32.ActiveCfg = Debug|Win32
		{2B855DCB-50C1-4A11-BF84-D6D170C4A6F0}.Debug|Win32.Build.0 = Debug|Win32
		{2B855DCB-50C1-4A11-BF84-D6D170C4A6F0}.Debug|x64.ActiveCfg = Debug|x64
		{2B855DCB-50C1-4A11-BF84-D6D170C4A6F0}.Debug|x64.Build.0 = Debug|x64
		{2B855DCB-50C1-4A11-BF84-D6D170C4A6F0}.Debug9x|Win32.ActiveCfg = Debug9x|Win32
		{2B855DCB-50C1-4A11-BF84-D6D170C4A6F0}.Debug9x|Win32.Build.0 = Debug9x|Win32
		{2B855DCB-50C1-4A11-BF84-D6D170C4A6F0}.Debug9x|x64.ActiveCfg = Debug9x|x64
		{2B855DCB-50C1-4A11-BF84-D6D170C4A6F0}.Debug9x|x64.Build.0 = Debug9x|x64
		{2B855DCB-50C1-4A11-BF84-D6D170C4A6F0}.DebugNT|Win32.ActiveCfg = Debug9x|x64
		{2B855DCB-50C1-4A11-BF84-D6D170C4A6F0}.DebugNT|x64.ActiveCfg = Debug9x|x64
		{2B855DCB-50C1-4A11-BF84-D6D170C4A6F0}.DebugNT|x64.Build.0 = Debug9x|x64
		{2B855DCB-50C1-4A11-BF84-D6D170C4A6F0}.Release|Win32.ActiveCfg = Release|Win32
		{2B855DCB-50C1-4A11-BF84-D6D170C4A6F0}.Release|Win32.Build.0 = Release|Win32
		{2B855DCB-50C1-4A11-BF84-D6D170C4A6F0}.Release|x64.ActiveCfg = Release|x64
		{2B855DCB-50C1-4A11-BF84-D6D170C4A6F0}.Release|x64.Build.0 = Release|x64
		{2B855DCB-50C1-4A11-BF84-D6D170C4A6F0}.Release9x|Win32.ActiveCfg = Release9x|Win32
		{2B855DCB-50C1-4A11-BF84-D6D170C4A6F0}.Release9x|Win32.Build.0 = Release9x|Win32
		{2B855DCB-50C1-4A11-BF84-D6D170C4A6F0}.Release9x|x64.ActiveCfg = Release9x|x64
		{2B855DCB-50C1-4A11-BF84-D6D170C4A6F0}.Release9x|x64.Build.0 = Release9x|x64
		{2B855DCB-50C1-4A11-BF84-D6D170C4A6F0}.ReleaseNT|Win32.ActiveCfg = Release|x64
		{2B855DCB-50C1-4A11-BF84-D6D170C4A6F0}.ReleaseNT|x64.ActiveCfg = Release|x64
		{2B855DCB-50C1-4A11-BF84-D6D170C4A6F0}.ReleaseNT|x64.Build.0 = Release|x64
		{55AD90C9-6FB8-48BE-80F5-1FE3688EAFCC}.Debug|Win32.ActiveCfg = Debug|Win32
		{55AD90C9-6FB8-48BE-80F5-1FE3688EAFCC}.Debug|Win32.Build.0 = Debug|Win32
		{55AD90C9-6FB8-48BE-80F5-1FE3688EAFCC}.Debug|x64.ActiveCfg = Debug|x64
		{55AD90C9-6FB8-48BE-80F5-1FE3688EAFCC}.Debug|x64.Build.0 = Debug|x64
		{55AD90C9-6FB8-48BE-80F5-1FE3688EAFCC}.Debug9x|Win32.ActiveCfg = Debug|Win32
		{55AD90C9-6FB8-48BE-80F5-1FE3688EAFCC}.Debug9x|Win32.Build.0 = Debug|Win32
		{55AD90C9-6FB8-48BE-80F5-1FE3688EAFCC}.Debug9x|x64.ActiveCfg = Debug|Win32
		{55AD90C9-6FB8-48BE-80F5-1FE3688EAFCC}.DebugNT|Win32.ActiveCfg = Debug|Win32
		{55AD90C9-6FB8-48BE-80F5-1FE3688EAFCC}.DebugNT|Win32.Build.0 = Debug|Win32
		{55AD90C9-6FB8-48BE-80F5-1FE3688EAFCC}.DebugNT|x64.ActiveCfg = Debug|Win32
		{55AD90C9-6FB8-48BE-80F5-1FE3688EAFCC}.Release|Win32.ActiveCfg = Release|Win32
		{55AD90C9-6FB8-48BE-80F5-1FE3688EAFCC}.Release|Win32.Build.0 = Release|Win32
		{55AD90C9-6FB8-48BE-80F5-1FE3688EAFCC}.Release|x64.ActiveCfg = Release|x64
		{55AD90C9-6FB8-48BE-80F5-1FE3688EAFCC}.Release|x64.Build.0 = Release|x64
		{55AD90C9-6FB8-48BE-80F5-1FE3688EAFCC}.Release9x|Win32.ActiveCfg = Release|Win32
		{55AD90C9-6FB8-48BE-80F5-1FE3688EAFCC}.Release9x|Win32.Build.0 = Release|Win32
		{55AD90C9-6FB8-48BE-80F5-1FE3688EAFCC}.Release9x|x64.ActiveCfg = Release|Win32
		{55AD90C9-6FB8-48BE-80F5-1FE3688EAFCC}.ReleaseNT|Win32.ActiveCfg = Release|Win32
		{55AD90C9-6FB8-48BE-80F5-1FE3688EAFCC}.ReleaseNT|Win32.Build.0 = Release|Win32
		{55AD90C9-6FB8-48BE-80F5-1FE3688EAFCC}.ReleaseNT|x64.ActiveCfg = Release|Win32
	EndGlobalSection
	GlobalSection(SolutionProperties) = preSolution
		HideSolutionNode = FALSE
	EndGlobalSection
EndGlobal
